
Microsoft Visual Studio Solution File, Format Version 12.00
# Visual Studio 15
VisualStudioVersion = 15.0.27130.2003
MinimumVisualStudioVersion = 10.0.40219.1
Project("{FAE04EC0-301F-11D3-BF4B-00C04F79EFBC}") = "AbstractFactory", "AbstractFactory\AbstractFactory.csproj", "{E3FB72EC-7B9A-4D49-B8CB-CE62597C8619}"
EndProject
Project("{FAE04EC0-301F-11D3-BF4B-00C04F79EFBC}") = "Builder", "Builder\Builder.csproj", "{F1BB4664-C45A-453D-8891-CB456707EA6A}"
EndProject
Project("{FAE04EC0-301F-11D3-BF4B-00C04F79EFBC}") = "FactoryMethod", "FactoryMethod\FactoryMethod.csproj", "{DB53750D-7B92-45B5-B142-B5CC21CAF64F}"
EndProject
Project("{FAE04EC0-301F-11D3-BF4B-00C04F79EFBC}") = "Prototype", "Prototype\Prototype.csproj", "{C4903E10-576F-4EE7-A390-1643B9DAD2D4}"
EndProject
Project("{FAE04EC0-301F-11D3-BF4B-00C04F79EFBC}") = "Adapter", "Adapter\Adapter.csproj", "{CABDB23F-0A74-471D-9DF0-F06151F78686}"
EndProject
Project("{FAE04EC0-301F-11D3-BF4B-00C04F79EFBC}") = "Bridge", "Bridge\Bridge.csproj", "{8A9E0AFD-D75B-4E3C-9740-9C7B23B14153}"
EndProject
Global
	GlobalSection(SolutionConfigurationPlatforms) = preSolution
		Debug|Any CPU = Debug|Any CPU
		Release|Any CPU = Release|Any CPU
	EndGlobalSection
	GlobalSection(ProjectConfigurationPlatforms) = postSolution
		{E3FB72EC-7B9A-4D49-B8CB-CE62597C8619}.Debug|Any CPU.ActiveCfg = Debug|Any CPU
		{E3FB72EC-7B9A-4D49-B8CB-CE62597C8619}.Debug|Any CPU.Build.0 = Debug|Any CPU
		{E3FB72EC-7B9A-4D49-B8CB-CE62597C8619}.Release|Any CPU.ActiveCfg = Release|Any CPU
		{E3FB72EC-7B9A-4D49-B8CB-CE62597C8619}.Release|Any CPU.Build.0 = Release|Any CPU
		{F1BB4664-C45A-453D-8891-CB456707EA6A}.Debug|Any CPU.ActiveCfg = Debug|Any CPU
		{F1BB4664-C45A-453D-8891-CB456707EA6A}.Debug|Any CPU.Build.0 = Debug|Any CPU
		{F1BB4664-C45A-453D-8891-CB456707EA6A}.Release|Any CPU.ActiveCfg = Release|Any CPU
		{F1BB4664-C45A-453D-8891-CB456707EA6A}.Release|Any CPU.Build.0 = Release|Any CPU
		{DB53750D-7B92-45B5-B142-B5CC21CAF64F}.Debug|Any CPU.ActiveCfg = Debug|Any CPU
		{DB53750D-7B92-45B5-B142-B5CC21CAF64F}.Debug|Any CPU.Build.0 = Debug|Any CPU
		{DB53750D-7B92-45B5-B142-B5CC21CAF64F}.Release|Any CPU.ActiveCfg = Release|Any CPU
		{DB53750D-7B92-45B5-B142-B5CC21CAF64F}.Release|Any CPU.Build.0 = Release|Any CPU
		{C4903E10-576F-4EE7-A390-1643B9DAD2D4}.Debug|Any CPU.ActiveCfg = Debug|Any CPU
		{C4903E10-576F-4EE7-A390-1643B9DAD2D4}.Debug|Any CPU.Build.0 = Debug|Any CPU
		{C4903E10-576F-4EE7-A390-1643B9DAD2D4}.Release|Any CPU.ActiveCfg = Release|Any CPU
		{C4903E10-576F-4EE7-A390-1643B9DAD2D4}.Release|Any CPU.Build.0 = Release|Any CPU
		{CABDB23F-0A74-471D-9DF0-F06151F78686}.Debug|Any CPU.ActiveCfg = Debug|Any CPU
		{CABDB23F-0A74-471D-9DF0-F06151F78686}.Debug|Any CPU.Build.0 = Debug|Any CPU
		{CABDB23F-0A74-471D-9DF0-F06151F78686}.Release|Any CPU.ActiveCfg = Release|Any CPU
		{CABDB23F-0A74-471D-9DF0-F06151F78686}.Release|Any CPU.Build.0 = Release|Any CPU
		{8A9E0AFD-D75B-4E3C-9740-9C7B23B14153}.Debug|Any CPU.ActiveCfg = Debug|Any CPU
		{8A9E0AFD-D75B-4E3C-9740-9C7B23B14153}.Debug|Any CPU.Build.0 = Debug|Any CPU
		{8A9E0AFD-D75B-4E3C-9740-9C7B23B14153}.Release|Any CPU.ActiveCfg = Release|Any CPU
		{8A9E0AFD-D75B-4E3C-9740-9C7B23B14153}.Release|Any CPU.Build.0 = Release|Any CPU
	EndGlobalSection
	GlobalSection(SolutionProperties) = preSolution
		HideSolutionNode = FALSE
	EndGlobalSection
	GlobalSection(ExtensibilityGlobals) = postSolution
		SolutionGuid = {610BFE6D-2207-49CF-A317-6A0DFAFE1678}
	EndGlobalSection
EndGlobal
